
Microsoft Visual Studio Solution File, Format Version 12.00
# Visual Studio Version 17
VisualStudioVersion = 17.11.35222.181
MinimumVisualStudioVersion = 10.0.40219.1
Project("{FAE04EC0-301F-11D3-BF4B-00C04F79EFBC}") = "EgeszSzamokAtlaga-1", "EgeszSzamokAtlaga-1\EgeszSzamokAtlaga-1.csproj", "{1C0BA950-4A21-4530-AB4E-9C02EA26E61F}"
EndProject
Global
	GlobalSection(SolutionConfigurationPlatforms) = preSolution
		Debug|Any CPU = Debug|Any CPU
		Release|Any CPU = Release|Any CPU
	EndGlobalSection
	GlobalSection(ProjectConfigurationPlatforms) = postSolution
		{1C0BA950-4A21-4530-AB4E-9C02EA26E61F}.Debug|Any CPU.ActiveCfg = Debug|Any CPU
		{1C0BA950-4A21-4530-AB4E-9C02EA26E61F}.Debug|Any CPU.Build.0 = Debug|Any CPU
		{1C0BA950-4A21-4530-AB4E-9C02EA26E61F}.Release|Any CPU.ActiveCfg = Release|Any CPU
		{1C0BA950-4A21-4530-AB4E-9C02EA26E61F}.Release|Any CPU.Build.0 = Release|Any CPU
	EndGlobalSection
	GlobalSection(SolutionProperties) = preSolution
		HideSolutionNode = FALSE
	EndGlobalSection
	GlobalSection(ExtensibilityGlobals) = postSolution
		SolutionGuid = {9CD3BF8B-B2EF-4BF6-BF67-EC5B46F9B629}
	EndGlobalSection
EndGlobal
